// !$*UTF8*$!
{
	archiveVersion = 1;
	classes = {
	};
	objectVersion = 46;
	objects = {

/* Begin PBXBuildFile section */
		2D20D4AB1AB2E502002BD231 /* main.m in Sources */ = {isa = PBXBuildFile; fileRef = 2D20D4AA1AB2E502002BD231 /* main.m */; };
		2D20D4AE1AB2E502002BD231 /* AppDelegate.m in Sources */ = {isa = PBXBuildFile; fileRef = 2D20D4AD1AB2E502002BD231 /* AppDelegate.m */; };
		2D20D4B11AB2E502002BD231 /* ViewController.m in Sources */ = {isa = PBXBuildFile; fileRef = 2D20D4B01AB2E502002BD231 /* ViewController.m */; };
		2D20D4B41AB2E502002BD231 /* Main.storyboard in Resources */ = {isa = PBXBuildFile; fileRef = 2D20D4B21AB2E502002BD231 /* Main.storyboard */; };
		2D20D4B61AB2E502002BD231 /* Images.xcassets in Resources */ = {isa = PBXBuildFile; fileRef = 2D20D4B51AB2E502002BD231 /* Images.xcassets */; };
		2D20D4B91AB2E502002BD231 /* LaunchScreen.xib in Resources */ = {isa = PBXBuildFile; fileRef = 2D20D4B71AB2E502002BD231 /* LaunchScreen.xib */; };
		2D20D4C51AB2E502002BD231 /* TestSourceTreeTests.m in Sources */ = {isa = PBXBuildFile; fileRef = 2D20D4C41AB2E502002BD231 /* TestSourceTreeTests.m */; };
		2D20D4D01AB2E907002BD231 /* NSString+feature1.m in Sources */ = {isa = PBXBuildFile; fileRef = 2D20D4CF1AB2E907002BD231 /* NSString+feature1.m */; };
		2D20D4D21AB2EFC0002BD231 /* ReadMe in Resources */ = {isa = PBXBuildFile; fileRef = 2D20D4D11AB2EFC0002BD231 /* ReadMe */; };
		2D5671731B1D84F3009576B0 /* ReleaseNote.txt in Resources */ = {isa = PBXBuildFile; fileRef = 2D5671721B1D84F3009576B0 /* ReleaseNote.txt */; };
		2DAD63DC1B1C60E80094EE04 /* Fabric.framework in Frameworks */ = {isa = PBXBuildFile; fileRef = 2DAD63DB1B1C60E80094EE04 /* Fabric.framework */; };
		2DAD63DE1B1C62B80094EE04 /* Crashlytics.framework in Frameworks */ = {isa = PBXBuildFile; fileRef = 2DAD63DD1B1C62B80094EE04 /* Crashlytics.framework */; };
/* End PBXBuildFile section */

/* Begin PBXContainerItemProxy section */
		2D20D4BF1AB2E502002BD231 /* PBXContainerItemProxy */ = {
			isa = PBXContainerItemProxy;
			containerPortal = 2D20D49D1AB2E502002BD231 /* Project object */;
			proxyType = 1;
			remoteGlobalIDString = 2D20D4A41AB2E502002BD231;
			remoteInfo = TestSourceTree;
		};
/* End PBXContainerItemProxy section */

/* Begin PBXFileReference section */
		2D20D4A51AB2E502002BD231 /* TestSourceTree.app */ = {isa = PBXFileReference; explicitFileType = wrapper.application; includeInIndex = 0; path = TestSourceTree.app; sourceTree = BUILT_PRODUCTS_DIR; };
		2D20D4A91AB2E502002BD231 /* Info.plist */ = {isa = PBXFileReference; lastKnownFileType = text.plist.xml; path = Info.plist; sourceTree = "<group>"; };
		2D20D4AA1AB2E502002BD231 /* main.m */ = {isa = PBXFileReference; lastKnownFileType = sourcecode.c.objc; path = main.m; sourceTree = "<group>"; };
		2D20D4AC1AB2E502002BD231 /* AppDelegate.h */ = {isa = PBXFileReference; lastKnownFileType = sourcecode.c.h; path = AppDelegate.h; sourceTree = "<group>"; };
		2D20D4AD1AB2E502002BD231 /* AppDelegate.m */ = {isa = PBXFileReference; lastKnownFileType = sourcecode.c.objc; path = AppDelegate.m; sourceTree = "<group>"; };
		2D20D4AF1AB2E502002BD231 /* ViewController.h */ = {isa = PBXFileReference; lastKnownFileType = sourcecode.c.h; path = ViewController.h; sourceTree = "<group>"; };
		2D20D4B01AB2E502002BD231 /* ViewController.m */ = {isa = PBXFileReference; lastKnownFileType = sourcecode.c.objc; path = ViewController.m; sourceTree = "<group>"; };
		2D20D4B31AB2E502002BD231 /* Base */ = {isa = PBXFileReference; lastKnownFileType = file.storyboard; name = Base; path = Base.lproj/Main.storyboard; sourceTree = "<group>"; };
		2D20D4B51AB2E502002BD231 /* Images.xcassets */ = {isa = PBXFileReference; lastKnownFileType = folder.assetcatalog; path = Images.xcassets; sourceTree = "<group>"; };
		2D20D4B81AB2E502002BD231 /* Base */ = {isa = PBXFileReference; lastKnownFileType = file.xib; name = Base; path = Base.lproj/LaunchScreen.xib; sourceTree = "<group>"; };
		2D20D4BE1AB2E502002BD231 /* TestSourceTreeTests.xctest */ = {isa = PBXFileReference; explicitFileType = wrapper.cfbundle; includeInIndex = 0; path = TestSourceTreeTests.xctest; sourceTree = BUILT_PRODUCTS_DIR; };
		2D20D4C31AB2E502002BD231 /* Info.plist */ = {isa = PBXFileReference; lastKnownFileType = text.plist.xml; path = Info.plist; sourceTree = "<group>"; };
		2D20D4C41AB2E502002BD231 /* TestSourceTreeTests.m */ = {isa = PBXFileReference; lastKnownFileType = sourcecode.c.objc; path = TestSourceTreeTests.m; sourceTree = "<group>"; };
		2D20D4CE1AB2E907002BD231 /* NSString+feature1.h */ = {isa = PBXFileReference; fileEncoding = 4; lastKnownFileType = sourcecode.c.h; path = "NSString+feature1.h"; sourceTree = "<group>"; };
		2D20D4CF1AB2E907002BD231 /* NSString+feature1.m */ = {isa = PBXFileReference; fileEncoding = 4; lastKnownFileType = sourcecode.c.objc; path = "NSString+feature1.m"; sourceTree = "<group>"; };
		2D20D4D11AB2EFC0002BD231 /* ReadMe */ = {isa = PBXFileReference; fileEncoding = 4; lastKnownFileType = text; path = ReadMe; sourceTree = "<group>"; };
		2D5671721B1D84F3009576B0 /* ReleaseNote.txt */ = {isa = PBXFileReference; fileEncoding = 4; lastKnownFileType = text; name = ReleaseNote.txt; path = TestSourceTree/ReleaseNote.txt; sourceTree = "<group>"; };
		2DAD63DB1B1C60E80094EE04 /* Fabric.framework */ = {isa = PBXFileReference; lastKnownFileType = wrapper.framework; path = Fabric.framework; sourceTree = "<group>"; };
		2DAD63DD1B1C62B80094EE04 /* Crashlytics.framework */ = {isa = PBXFileReference; lastKnownFileType = wrapper.framework; path = Crashlytics.framework; sourceTree = "<group>"; };
/* End PBXFileReference section */

/* Begin PBXFrameworksBuildPhase section */
		2D20D4A21AB2E502002BD231 /* Frameworks */ = {
			isa = PBXFrameworksBuildPhase;
			buildActionMask = 2147483647;
			files = (
				2DAD63DE1B1C62B80094EE04 /* Crashlytics.framework in Frameworks */,
				2DAD63DC1B1C60E80094EE04 /* Fabric.framework in Frameworks */,
			);
			runOnlyForDeploymentPostprocessing = 0;
		};
		2D20D4BB1AB2E502002BD231 /* Frameworks */ = {
			isa = PBXFrameworksBuildPhase;
			buildActionMask = 2147483647;
			files = (
			);
			runOnlyForDeploymentPostprocessing = 0;
		};
/* End PBXFrameworksBuildPhase section */

/* Begin PBXGroup section */
		2D20D49C1AB2E502002BD231 = {
			isa = PBXGroup;
			children = (
				2D5671721B1D84F3009576B0 /* ReleaseNote.txt */,
				2DAD63DD1B1C62B80094EE04 /* Crashlytics.framework */,
				2DAD63DB1B1C60E80094EE04 /* Fabric.framework */,
				2D20D4A71AB2E502002BD231 /* TestSourceTree */,
				2D20D4C11AB2E502002BD231 /* TestSourceTreeTests */,
				2D20D4A61AB2E502002BD231 /* Products */,
			);
			sourceTree = "<group>";
		};
		2D20D4A61AB2E502002BD231 /* Products */ = {
			isa = PBXGroup;
			children = (
				2D20D4A51AB2E502002BD231 /* TestSourceTree.app */,
				2D20D4BE1AB2E502002BD231 /* TestSourceTreeTests.xctest */,
			);
			name = Products;
			sourceTree = "<group>";
		};
		2D20D4A71AB2E502002BD231 /* TestSourceTree */ = {
			isa = PBXGroup;
			children = (
				2D20D4AC1AB2E502002BD231 /* AppDelegate.h */,
				2D20D4AD1AB2E502002BD231 /* AppDelegate.m */,
				2D20D4AF1AB2E502002BD231 /* ViewController.h */,
				2D20D4B01AB2E502002BD231 /* ViewController.m */,
				2D20D4B21AB2E502002BD231 /* Main.storyboard */,
				2D20D4B51AB2E502002BD231 /* Images.xcassets */,
				2D20D4B71AB2E502002BD231 /* LaunchScreen.xib */,
				2D20D4A81AB2E502002BD231 /* Supporting Files */,
				2D20D4CE1AB2E907002BD231 /* NSString+feature1.h */,
				2D20D4CF1AB2E907002BD231 /* NSString+feature1.m */,
				2D20D4D11AB2EFC0002BD231 /* ReadMe */,
			);
			path = TestSourceTree;
			sourceTree = "<group>";
		};
		2D20D4A81AB2E502002BD231 /* Supporting Files */ = {
			isa = PBXGroup;
			children = (
				2D20D4A91AB2E502002BD231 /* Info.plist */,
				2D20D4AA1AB2E502002BD231 /* main.m */,
			);
			name = "Supporting Files";
			sourceTree = "<group>";
		};
		2D20D4C11AB2E502002BD231 /* TestSourceTreeTests */ = {
			isa = PBXGroup;
			children = (
				2D20D4C41AB2E502002BD231 /* TestSourceTreeTests.m */,
				2D20D4C21AB2E502002BD231 /* Supporting Files */,
			);
			path = TestSourceTreeTests;
			sourceTree = "<group>";
		};
		2D20D4C21AB2E502002BD231 /* Supporting Files */ = {
			isa = PBXGroup;
			children = (
				2D20D4C31AB2E502002BD231 /* Info.plist */,
			);
			name = "Supporting Files";
			sourceTree = "<group>";
		};
/* End PBXGroup section */

/* Begin PBXNativeTarget section */
		2D20D4A41AB2E502002BD231 /* TestSourceTree */ = {
			isa = PBXNativeTarget;
			buildConfigurationList = 2D20D4C81AB2E502002BD231 /* Build configuration list for PBXNativeTarget "TestSourceTree" */;
			buildPhases = (
				2D20D4A11AB2E502002BD231 /* Sources */,
				2D20D4A21AB2E502002BD231 /* Frameworks */,
				2D20D4A31AB2E502002BD231 /* Resources */,
				2DAD63DA1B1C5FD00094EE04 /* ShellScript */,
			);
			buildRules = (
			);
			dependencies = (
			);
			name = TestSourceTree;
			productName = TestSourceTree;
			productReference = 2D20D4A51AB2E502002BD231 /* TestSourceTree.app */;
			productType = "com.apple.product-type.application";
		};
		2D20D4BD1AB2E502002BD231 /* TestSourceTreeTests */ = {
			isa = PBXNativeTarget;
			buildConfigurationList = 2D20D4CB1AB2E502002BD231 /* Build configuration list for PBXNativeTarget "TestSourceTreeTests" */;
			buildPhases = (
				2D20D4BA1AB2E502002BD231 /* Sources */,
				2D20D4BB1AB2E502002BD231 /* Frameworks */,
				2D20D4BC1AB2E502002BD231 /* Resources */,
			);
			buildRules = (
			);
			dependencies = (
				2D20D4C01AB2E502002BD231 /* PBXTargetDependency */,
			);
			name = TestSourceTreeTests;
			productName = TestSourceTreeTests;
			productReference = 2D20D4BE1AB2E502002BD231 /* TestSourceTreeTests.xctest */;
			productType = "com.apple.product-type.bundle.unit-test";
		};
/* End PBXNativeTarget section */

/* Begin PBXProject section */
		2D20D49D1AB2E502002BD231 /* Project object */ = {
			isa = PBXProject;
			attributes = {
				LastUpgradeCheck = 0610;
				ORGANIZATIONNAME = Alan.Yen;
				TargetAttributes = {
					2D20D4A41AB2E502002BD231 = {
						CreatedOnToolsVersion = 6.1.1;
					};
					2D20D4BD1AB2E502002BD231 = {
						CreatedOnToolsVersion = 6.1.1;
						TestTargetID = 2D20D4A41AB2E502002BD231;
					};
				};
			};
			buildConfigurationList = 2D20D4A01AB2E502002BD231 /* Build configuration list for PBXProject "TestSourceTree" */;
			compatibilityVersion = "Xcode 3.2";
			developmentRegion = English;
			hasScannedForEncodings = 0;
			knownRegions = (
				en,
				Base,
			);
			mainGroup = 2D20D49C1AB2E502002BD231;
			productRefGroup = 2D20D4A61AB2E502002BD231 /* Products */;
			projectDirPath = "";
			projectRoot = "";
			targets = (
				2D20D4A41AB2E502002BD231 /* TestSourceTree */,
				2D20D4BD1AB2E502002BD231 /* TestSourceTreeTests */,
			);
		};
/* End PBXProject section */

/* Begin PBXResourcesBuildPhase section */
		2D20D4A31AB2E502002BD231 /* Resources */ = {
			isa = PBXResourcesBuildPhase;
			buildActionMask = 2147483647;
			files = (
				2D20D4D21AB2EFC0002BD231 /* ReadMe in Resources */,
				2D20D4B41AB2E502002BD231 /* Main.storyboard in Resources */,
				2D20D4B91AB2E502002BD231 /* LaunchScreen.xib in Resources */,
				2D20D4B61AB2E502002BD231 /* Images.xcassets in Resources */,
				2D5671731B1D84F3009576B0 /* ReleaseNote.txt in Resources */,
			);
			runOnlyForDeploymentPostprocessing = 0;
		};
		2D20D4BC1AB2E502002BD231 /* Resources */ = {
			isa = PBXResourcesBuildPhase;
			buildActionMask = 2147483647;
			files = (
			);
			runOnlyForDeploymentPostprocessing = 0;
		};
/* End PBXResourcesBuildPhase section */

/* Begin PBXShellScriptBuildPhase section */
		2DAD63DA1B1C5FD00094EE04 /* ShellScript */ = {
			isa = PBXShellScriptBuildPhase;
			buildActionMask = 2147483647;
			files = (
			);
			inputPaths = (
			);
			outputPaths = (
			);
			runOnlyForDeploymentPostprocessing = 0;
			shellPath = /bin/sh;
			shellScript = "./Fabric.framework/run 78cd056a392917bef4333a6b4d4b34980968a891 dfa885c24eb8dccc4bc884a49f856b6686fc6019b9575f105359807e73456956";
		};
/* End PBXShellScriptBuildPhase section */

/* Begin PBXSourcesBuildPhase section */
		2D20D4A11AB2E502002BD231 /* Sources */ = {
			isa = PBXSourcesBuildPhase;
			buildActionMask = 2147483647;
			files = (
				2D20D4B11AB2E502002BD231 /* ViewController.m in Sources */,
				2D20D4AE1AB2E502002BD231 /* AppDelegate.m in Sources */,
				2D20D4D01AB2E907002BD231 /* NSString+feature1.m in Sources */,
				2D20D4AB1AB2E502002BD231 /* main.m in Sources */,
			);
			runOnlyForDeploymentPostprocessing = 0;
		};
		2D20D4BA1AB2E502002BD231 /* Sources */ = {
			isa = PBXSourcesBuildPhase;
			buildActionMask = 2147483647;
			files = (
				2D20D4C51AB2E502002BD231 /* TestSourceTreeTests.m in Sources */,
			);
			runOnlyForDeploymentPostprocessing = 0;
		};
/* End PBXSourcesBuildPhase section */

/* Begin PBXTargetDependency section */
		2D20D4C01AB2E502002BD231 /* PBXTargetDependency */ = {
			isa = PBXTargetDependency;
			target = 2D20D4A41AB2E502002BD231 /* TestSourceTree */;
			targetProxy = 2D20D4BF1AB2E502002BD231 /* PBXContainerItemProxy */;
		};
/* End PBXTargetDependency section */

/* Begin PBXVariantGroup section */
		2D20D4B21AB2E502002BD231 /* Main.storyboard */ = {
			isa = PBXVariantGroup;
			children = (
				2D20D4B31AB2E502002BD231 /* Base */,
			);
			name = Main.storyboard;
			sourceTree = "<group>";
		};
		2D20D4B71AB2E502002BD231 /* LaunchScreen.xib */ = {
			isa = PBXVariantGroup;
			children = (
				2D20D4B81AB2E502002BD231 /* Base */,
			);
			name = LaunchScreen.xib;
			sourceTree = "<group>";
		};
/* End PBXVariantGroup section */

/* Begin XCBuildConfiguration section */
		2D20D4C61AB2E502002BD231 /* Debug */ = {
			isa = XCBuildConfiguration;
			buildSettings = {
				ALWAYS_SEARCH_USER_PATHS = NO;
				CLANG_CXX_LANGUAGE_STANDARD = "gnu++0x";
				CLANG_CXX_LIBRARY = "libc++";
				CLANG_ENABLE_MODULES = YES;
				CLANG_ENABLE_OBJC_ARC = YES;
				CLANG_WARN_BOOL_CONVERSION = YES;
				CLANG_WARN_CONSTANT_CONVERSION = YES;
				CLANG_WARN_DIRECT_OBJC_ISA_USAGE = YES_ERROR;
				CLANG_WARN_EMPTY_BODY = YES;
				CLANG_WARN_ENUM_CONVERSION = YES;
				CLANG_WARN_INT_CONVERSION = YES;
				CLANG_WARN_OBJC_ROOT_CLASS = YES_ERROR;
				CLANG_WARN_UNREACHABLE_CODE = YES;
				CLANG_WARN__DUPLICATE_METHOD_MATCH = YES;
				"CODE_SIGN_IDENTITY[sdk=iphoneos*]" = "iPhone Developer";
				COPY_PHASE_STRIP = NO;
				ENABLE_STRICT_OBJC_MSGSEND = YES;
				GCC_C_LANGUAGE_STANDARD = gnu99;
				GCC_DYNAMIC_NO_PIC = NO;
				GCC_OPTIMIZATION_LEVEL = 0;
				GCC_PREPROCESSOR_DEFINITIONS = (
					"DEBUG=1",
					"$(inherited)",
				);
				GCC_SYMBOLS_PRIVATE_EXTERN = NO;
				GCC_WARN_64_TO_32_BIT_CONVERSION = YES;
				GCC_WARN_ABOUT_RETURN_TYPE = YES_ERROR;
				GCC_WARN_UNDECLARED_SELECTOR = YES;
				GCC_WARN_UNINITIALIZED_AUTOS = YES_AGGRESSIVE;
				GCC_WARN_UNUSED_FUNCTION = YES;
				GCC_WARN_UNUSED_VARIABLE = YES;
				IPHONEOS_DEPLOYMENT_TARGET = 8.1;
				MTL_ENABLE_DEBUG_INFO = YES;
				ONLY_ACTIVE_ARCH = YES;
				SDKROOT = iphoneos;
			};
			name = Debug;
		};
		2D20D4C71AB2E502002BD231 /* Release */ = {
			isa = XCBuildConfiguration;
			buildSettings = {
				ALWAYS_SEARCH_USER_PATHS = NO;
				CLANG_CXX_LANGUAGE_STANDARD = "gnu++0x";
				CLANG_CXX_LIBRARY = "libc++";
				CLANG_ENABLE_MODULES = YES;
				CLANG_ENABLE_OBJC_ARC = YES;
				CLANG_WARN_BOOL_CONVERSION = YES;
				CLANG_WARN_CONSTANT_CONVERSION = YES;
				CLANG_WARN_DIRECT_OBJC_ISA_USAGE = YES_ERROR;
				CLANG_WARN_EMPTY_BODY = YES;
				CLANG_WARN_ENUM_CONVERSION = YES;
				CLANG_WARN_INT_CONVERSION = YES;
				CLANG_WARN_OBJC_ROOT_CLASS = YES_ERROR;
				CLANG_WARN_UNREACHABLE_CODE = YES;
				CLANG_WARN__DUPLICATE_METHOD_MATCH = YES;
				"CODE_SIGN_IDENTITY[sdk=iphoneos*]" = "iPhone Developer";
				COPY_PHASE_STRIP = YES;
				ENABLE_NS_ASSERTIONS = NO;
				ENABLE_STRICT_OBJC_MSGSEND = YES;
				GCC_C_LANGUAGE_STANDARD = gnu99;
				GCC_WARN_64_TO_32_BIT_CONVERSION = YES;
				GCC_WARN_ABOUT_RETURN_TYPE = YES_ERROR;
				GCC_WARN_UNDECLARED_SELECTOR = YES;
				GCC_WARN_UNINITIALIZED_AUTOS = YES_AGGRESSIVE;
				GCC_WARN_UNUSED_FUNCTION = YES;
				GCC_WARN_UNUSED_VARIABLE = YES;
				IPHONEOS_DEPLOYMENT_TARGET = 8.1;
				MTL_ENABLE_DEBUG_INFO = NO;
				SDKROOT = iphoneos;
				VALIDATE_PRODUCT = YES;
			};
			name = Release;
		};
		2D20D4C91AB2E502002BD231 /* Debug */ = {
			isa = XCBuildConfiguration;
			buildSettings = {
				ASSETCATALOG_COMPILER_APPICON_NAME = AppIcon;
				CODE_SIGN_IDENTITY = "iPhone Developer: Alan Yen (PA832N84H7)";
				FRAMEWORK_SEARCH_PATHS = (
					"$(inherited)",
					"$(PROJECT_DIR)",
				);
				INFOPLIST_FILE = TestSourceTree/Info.plist;
				LD_RUNPATH_SEARCH_PATHS = "$(inherited) @executable_path/Frameworks";
				PRODUCT_NAME = "$(TARGET_NAME)";
				PROVISIONING_PROFILE = "d3654dfe-3686-4681-87c6-fb230faa81b8";
			};
			name = Debug;
		};
		2D20D4CA1AB2E502002BD231 /* Release */ = {
			isa = XCBuildConfiguration;
			buildSettings = {
				ASSETCATALOG_COMPILER_APPICON_NAME = AppIcon;
				CODE_SIGN_IDENTITY = "iPhone Distribution: Contact Digital Integration Co., LTD (9KCLZQSG9B)";
				FRAMEWORK_SEARCH_PATHS = (
					"$(inherited)",
					"$(PROJECT_DIR)",
				);
				INFOPLIST_FILE = TestSourceTree/Info.plist;
				LD_RUNPATH_SEARCH_PATHS = "$(inherited) @executable_path/Frameworks";
				PRODUCT_NAME = "$(TARGET_NAME)";
				PROVISIONING_PROFILE = "d3654dfe-3686-4681-87c6-fb230faa81b8";
			};
			name = Release;
		};
		2D20D4CC1AB2E502002BD231 /* Debug */ = {
			isa = XCBuildConfiguration;
			buildSettings = {
				BUNDLE_LOADER = "$(TEST_HOST)";
				FRAMEWORK_SEARCH_PATHS = (
					"$(SDKROOT)/Developer/Library/Frameworks",
					"$(inherited)",
				);
				GCC_PREPROCESSOR_DEFINITIONS = (
					"DEBUG=1",
					"$(inherited)",
				);
				INFOPLIST_FILE = TestSourceTreeTests/Info.plist;
				LD_RUNPATH_SEARCH_PATHS = "$(inherited) @executable_path/Frameworks @loader_path/Frameworks";
				PRODUCT_NAME = "$(TARGET_NAME)";
				TEST_HOST = "$(BUILT_PRODUCTS_DIR)/TestSourceTree.app/TestSourceTree";
			};
			name = Debug;
		};
		2D20D4CD1AB2E502002BD231 /* Release */ = {
			isa = XCBuildConfiguration;
			buildSettings = {
				BUNDLE_LOADER = "$(TEST_HOST)";
				FRAMEWORK_SEARCH_PATHS = (
					"$(SDKROOT)/Developer/Library/Frameworks",
					"$(inherited)",
				);
				INFOPLIST_FILE = TestSourceTreeTests/Info.plist;
				LD_RUNPATH_SEARCH_PATHS = "$(inherited) @executable_path/Frameworks @loader_path/Frameworks";
				PRODUCT_NAME = "$(TARGET_NAME)";
				TEST_HOST = "$(BUILT_PRODUCTS_DIR)/TestSourceTree.app/TestSourceTree";
			};
			name = Release;
		};
/* End XCBuildConfiguration section */

/* Begin XCConfigurationList section */
		2D20D4A01AB2E502002BD231 /* Build configuration list for PBXProject "TestSourceTree" */ = {
			isa = XCConfigurationList;
			buildConfigurations = (
				2D20D4C61AB2E502002BD231 /* Debug */,
				2D20D4C71AB2E502002BD231 /* Release */,
			);
			defaultConfigurationIsVisible = 0;
			defaultConfigurationName = Release;
		};
		2D20D4C81AB2E502002BD231 /* Build configuration list for PBXNativeTarget "TestSourceTree" */ = {
			isa = XCConfigurationList;
			buildConfigurations = (
				2D20D4C91AB2E502002BD231 /* Debug */,
				2D20D4CA1AB2E502002BD231 /* Release */,
			);
			defaultConfigurationIsVisible = 0;
			defaultConfigurationName = Release;
		};
		2D20D4CB1AB2E502002BD231 /* Build configuration list for PBXNativeTarget "TestSourceTreeTests" */ = {
			isa = XCConfigurationList;
			buildConfigurations = (
				2D20D4CC1AB2E502002BD231 /* Debug */,
				2D20D4CD1AB2E502002BD231 /* Release */,
			);
			defaultConfigurationIsVisible = 0;
			defaultConfigurationName = Release;
		};
/* End XCConfigurationList section */
	};
	rootObject = 2D20D49D1AB2E502002BD231 /* Project object */;
}
